PODS:
  - AgoraRtcEngine_iOS (3.0.1)
  - Kingfisher (4.10.1)
  - KMAgoraRtc (1.1.0):
    - AgoraRtcEngine_iOS (= 3.0.1)
    - Kingfisher (= 4.10.1)
    - SnapKit (= 4.2.0)
  - SnapKit (4.2.0)

DEPENDENCIES:
  - KMAgoraRtc (from `../`)

SPEC REPOS:
  trunk:
    - AgoraRtcEngine_iOS
    - Kingfisher
    - SnapKit

EXTERNAL SOURCES:
  KMAgoraRtc:
    :path: "../"

SPEC CHECKSUMS:
  AgoraRtcEngine_iOS: 82c8c519f5b53ecc6c0d7909da6d33662d1e5ac1
  Kingfisher: c148cd7b47ebde9989f6bc7c27dcaa79d81279a0
  KMAgoraRtc: 57ea92d9240878c48469accd3bb278add8305d6e
  SnapKit: fe8a619752f3f27075cc9a90244d75c6c3f27e2a

PODFILE CHECKSUM: 3264165191f0e4693ec7d044939802708d8e136d

COCOAPODS: 1.9.2
